
Microsoft Visual Studio Solution File, Format Version 12.00
# Visual Studio Version 17
VisualStudioVersion = 17.11.35222.181
MinimumVisualStudioVersion = 10.0.40219.1
Project("{FAE04EC0-301F-11D3-BF4B-00C04F79EFBC}") = "DatabaseFirstCRUD", "DatabaseFirstCRUD\DatabaseFirstCRUD.csproj", "{1CB3D4F4-C709-4FF8-94C8-E5F7C8C88228}"
EndProject
Global
	GlobalSection(SolutionConfigurationPlatforms) = preSolution
		Debug|Any CPU = Debug|Any CPU
		Release|Any CPU = Release|Any CPU
	EndGlobalSection
	GlobalSection(ProjectConfigurationPlatforms) = postSolution
		{1CB3D4F4-C709-4FF8-94C8-E5F7C8C88228}.Debug|Any CPU.ActiveCfg = Debug|Any CPU
		{1CB3D4F4-C709-4FF8-94C8-E5F7C8C88228}.Debug|Any CPU.Build.0 = Debug|Any CPU
		{1CB3D4F4-C709-4FF8-94C8-E5F7C8C88228}.Release|Any CPU.ActiveCfg = Release|Any CPU
		{1CB3D4F4-C709-4FF8-94C8-E5F7C8C88228}.Release|Any CPU.Build.0 = Release|Any CPU
	EndGlobalSection
	GlobalSection(SolutionProperties) = preSolution
		HideSolutionNode = FALSE
	EndGlobalSection
	GlobalSection(ExtensibilityGlobals) = postSolution
		SolutionGuid = {78F9014E-F137-432B-B994-53247491A225}
	EndGlobalSection
EndGlobal
